
Microsoft Visual Studio Solution File, Format Version 11.00
# Visual Studio 2010
Project("{FAE04EC0-301F-11D3-BF4B-00C04F79EFBC}") = "Mundos3D", "Mundos3D\Mundos3D\Mundos3D.csproj", "{023DDCD5-D463-4486-97F2-C16E2AAE12FE}"
EndProject
Project("{96E2B04D-8817-42C6-938A-82C39BA4D311}") = "Mundos3DContent", "Mundos3D\Mundos3DContent\Mundos3DContent.contentproj", "{21805313-8AC2-413C-B38C-9625CBB6A9C1}"
EndProject
Global
	GlobalSection(SolutionConfigurationPlatforms) = preSolution
		Debug|x86 = Debug|x86
		Release|x86 = Release|x86
	EndGlobalSection
	GlobalSection(ProjectConfigurationPlatforms) = postSolution
		{023DDCD5-D463-4486-97F2-C16E2AAE12FE}.Debug|x86.ActiveCfg = Debug|x86
		{023DDCD5-D463-4486-97F2-C16E2AAE12FE}.Debug|x86.Build.0 = Debug|x86
		{023DDCD5-D463-4486-97F2-C16E2AAE12FE}.Release|x86.ActiveCfg = Release|x86
		{023DDCD5-D463-4486-97F2-C16E2AAE12FE}.Release|x86.Build.0 = Release|x86
		{21805313-8AC2-413C-B38C-9625CBB6A9C1}.Debug|x86.ActiveCfg = Debug|x86
		{21805313-8AC2-413C-B38C-9625CBB6A9C1}.Release|x86.ActiveCfg = Release|x86
	EndGlobalSection
	GlobalSection(SolutionProperties) = preSolution
		HideSolutionNode = FALSE
	EndGlobalSection
EndGlobal
